
Microsoft Visual Studio Solution File, Format Version 12.00
# Visual Studio Version 17
VisualStudioVersion = 17.2.32630.192
MinimumVisualStudioVersion = 10.0.40219.1
Project("{FAE04EC0-301F-11D3-BF4B-00C04F79EFBC}") = "knihovna", "knihovna\knihovna.csproj", "{59456454-8991-41CD-8358-3C894DC999DA}"
EndProject
Global
	GlobalSection(SolutionConfigurationPlatforms) = preSolution
		Debug|Any CPU = Debug|Any CPU
		Release|Any CPU = Release|Any CPU
	EndGlobalSection
	GlobalSection(ProjectConfigurationPlatforms) = postSolution
		{59456454-8991-41CD-8358-3C894DC999DA}.Debug|Any CPU.ActiveCfg = Debug|Any CPU
		{59456454-8991-41CD-8358-3C894DC999DA}.Debug|Any CPU.Build.0 = Debug|Any CPU
		{59456454-8991-41CD-8358-3C894DC999DA}.Release|Any CPU.ActiveCfg = Release|Any CPU
		{59456454-8991-41CD-8358-3C894DC999DA}.Release|Any CPU.Build.0 = Release|Any CPU
	EndGlobalSection
	GlobalSection(SolutionProperties) = preSolution
		HideSolutionNode = FALSE
	EndGlobalSection
	GlobalSection(ExtensibilityGlobals) = postSolution
		SolutionGuid = {1A6ED17A-BE3F-4B7D-9E1D-37ED272AC48B}
	EndGlobalSection
EndGlobal
